{
  "name": "vrchat",
  "version": "1.18.2",
  "lockfileVersion": 2,
  "requires": true,
  "packages": {
    "": {
      "name": "vrchat",
      "version": "1.18.2",
      "license": "MIT",
      "dependencies": {
        "@types/tough-cookie": "^4.0.1",
        "axios": "^1.7.2",
        "axios-cookiejar-support": "^5.0.2",
        "totp-generator": "^1.0.0",
        "tough-cookie": "^4.1.4"
      },
      "devDependencies": {
        "@types/node": "^12.11.5",
        "typescript": "^4.0"
      }
    },
    "node_modules/@types/node": {
      "version": "12.20.19",
      "resolved": "https://registry.npmjs.org/@types/node/-/node-12.20.19.tgz",
      "integrity": "sha512-niAuZrwrjKck4+XhoCw6AAVQBENHftpXw9F4ryk66fTgYaKQ53R4FI7c9vUGGw5vQis1HKBHDR1gcYI/Bq1xvw==",
      "dev": true
    },
    "node_modules/@types/tough-cookie": {
      "version": "4.0.1",
      "resolved": "https://registry.npmjs.org/@types/tough-cookie/-/tough-cookie-4.0.1.tgz",
      "integrity": "sha512-Y0K95ThC3esLEYD6ZuqNek29lNX2EM1qxV8y2FTLUB0ff5wWrk7az+mLrnNFUnaXcgKye22+sFBRXOgpPILZNg=="
    },
    "node_modules/agent-base": {
      "version": "7.1.1",
      "resolved": "https://registry.npmjs.org/agent-base/-/agent-base-7.1.1.tgz",
      "integrity": "sha512-H0TSyFNDMomMNJQBn8wFV5YC/2eJ+VXECwOadZJT554xP6cODZHPX3H9QMQECxvrgiSOP1pHjy1sMWQVYJOUOA==",
      "license": "MIT",
      "dependencies": {
        "debug": "^4.3.4"
      },
      "engines": {
        "node": ">= 14"
      }
    },
    "node_modules/asynckit": {
      "version": "0.4.0",
      "resolved": "https://registry.npmjs.org/asynckit/-/asynckit-0.4.0.tgz",
      "integrity": "sha512-Oei9OH4tRh0YqU3GxhX79dM/mwVgvbZJaSNaRk+bshkj0S5cfHcgYakreBjrHwatXKbz+IoIdYLxrKim2MjW0Q==",
      "license": "MIT"
    },
    "node_modules/axios": {
      "version": "1.7.2",
      "resolved": "https://registry.npmjs.org/axios/-/axios-1.7.2.tgz",
      "integrity": "sha512-2A8QhOMrbomlDuiLeK9XibIBzuHeRcqqNOHp0Cyp5EoJ1IFDh+XZH3A6BkXtv0K4gFGCI0Y4BM7B1wOEi0Rmgw==",
      "license": "MIT",
      "dependencies": {
        "follow-redirects": "^1.15.6",
        "form-data": "^4.0.0",
        "proxy-from-env": "^1.1.0"
      }
    },
    "node_modules/axios-cookiejar-support": {
      "version": "5.0.2",
      "resolved": "https://registry.npmjs.org/axios-cookiejar-support/-/axios-cookiejar-support-5.0.2.tgz",
      "integrity": "sha512-4KwFqiH62Ry/J+ue1NwqLvBSaK3Bp/Owc9jTe7BS9c22uN8/4MB5pY7HV9QwQjV3ZRonCoSj5V8Pjx911qQqAw==",
      "license": "MIT",
      "dependencies": {
        "http-cookie-agent": "^6.0.5"
      },
      "engines": {
        "node": ">=18.0.0"
      },
      "funding": {
        "url": "https://github.com/sponsors/3846masa"
      },
      "peerDependencies": {
        "axios": ">=0.20.0",
        "tough-cookie": ">=4.0.0"
      }
    },
    "node_modules/combined-stream": {
      "version": "1.0.8",
      "resolved": "https://registry.npmjs.org/combined-stream/-/combined-stream-1.0.8.tgz",
      "integrity": "sha512-FQN4MRfuJeHf7cBbBMJFXhKSDq+2kAArBlmRBvcvFE5BB1HZKXtSFASDhdlz9zOYwxh8lDdnvmMOe/+5cdoEdg==",
      "license": "MIT",
      "dependencies": {
        "delayed-stream": "~1.0.0"
      },
      "engines": {
        "node": ">= 0.8"
      }
    },
    "node_modules/debug": {
      "version": "4.3.6",
      "resolved": "https://registry.npmjs.org/debug/-/debug-4.3.6.tgz",
      "integrity": "sha512-O/09Bd4Z1fBrU4VzkhFqVgpPzaGbw6Sm9FEkBT1A/YBXQFGuuSxa1dN2nxgxS34JmKXqYx8CZAwEVoJFImUXIg==",
      "license": "MIT",
      "dependencies": {
        "ms": "2.1.2"
      },
      "engines": {
        "node": ">=6.0"
      },
      "peerDependenciesMeta": {
        "supports-color": {
          "optional": true
        }
      }
    },
    "node_modules/delayed-stream": {
      "version": "1.0.0",
      "resolved": "https://registry.npmjs.org/delayed-stream/-/delayed-stream-1.0.0.tgz",
      "integrity": "sha512-ZySD7Nf91aLB0RxL4KGrKHBXl7Eds1DAmEdcoVawXnLD7SDhpNgtuII2aAkg7a7QS41jxPSZ17p4VdGnMHk3MQ==",
      "license": "MIT",
      "engines": {
        "node": ">=0.4.0"
      }
    },
    "node_modules/follow-redirects": {
      "version": "1.15.6",
      "resolved": "https://registry.npmjs.org/follow-redirects/-/follow-redirects-1.15.6.tgz",
      "integrity": "sha512-wWN62YITEaOpSK584EZXJafH1AGpO8RVgElfkuXbTOrPX4fIfOyEpW/CsiNd8JdYrAoOvafRTOEnvsO++qCqFA==",
      "funding": [
        {
          "type": "individual",
          "url": "https://github.com/sponsors/RubenVerborgh"
        }
      ],
      "engines": {
        "node": ">=4.0"
      },
      "peerDependenciesMeta": {
        "debug": {
          "optional": true
        }
      }
    },
    "node_modules/form-data": {
      "version": "4.0.0",
      "resolved": "https://registry.npmjs.org/form-data/-/form-data-4.0.0.tgz",
      "integrity": "sha512-ETEklSGi5t0QMZuiXoA/Q6vcnxcLQP5vdugSpuAyi6SVGi2clPPp+xgEhuMaHC+zGgn31Kd235W35f7Hykkaww==",
      "license": "MIT",
      "dependencies": {
        "asynckit": "^0.4.0",
        "combined-stream": "^1.0.8",
        "mime-types": "^2.1.12"
      },
      "engines": {
        "node": ">= 6"
      }
    },
    "node_modules/http-cookie-agent": {
      "version": "6.0.5",
      "resolved": "https://registry.npmjs.org/http-cookie-agent/-/http-cookie-agent-6.0.5.tgz",
      "integrity": "sha512-sfZ8fDgDP3B1YB+teqSnAK1aPgBu8reUUGxSsndP2XnYN6cM29EURXWXZqQQiaRdor3B4QjpkUNfv21syaO4DA==",
      "license": "MIT",
      "dependencies": {
        "agent-base": "^7.1.1"
      },
      "engines": {
        "node": ">=18.0.0"
      },
      "funding": {
        "url": "https://github.com/sponsors/3846masa"
      },
      "peerDependencies": {
        "tough-cookie": "^4.0.0",
        "undici": "^5.11.0 || ^6.0.0"
      },
      "peerDependenciesMeta": {
        "undici": {
          "optional": true
        }
      }
    },
    "node_modules/jssha": {
      "version": "3.3.1",
      "resolved": "https://registry.npmjs.org/jssha/-/jssha-3.3.1.tgz",
      "integrity": "sha512-VCMZj12FCFMQYcFLPRm/0lOBbLi8uM2BhXPTqw3U4YAfs4AZfiApOoBLoN8cQE60Z50m1MYMTQVCfgF/KaCVhQ==",
      "license": "BSD-3-Clause",
      "engines": {
        "node": "*"
      }
    },
    "node_modules/mime-db": {
      "version": "1.52.0",
      "resolved": "https://registry.npmjs.org/mime-db/-/mime-db-1.52.0.tgz",
      "integrity": "sha512-sPU4uV7dYlvtWJxwwxHD0PuihVNiE7TyAbQ5SWxDCB9mUYvOgroQOwYQQOKPJ8CIbE+1ETVlOoK1UC2nU3gYvg==",
      "license": "MIT",
      "engines": {
        "node": ">= 0.6"
      }
    },
    "node_modules/mime-types": {
      "version": "2.1.35",
      "resolved": "https://registry.npmjs.org/mime-types/-/mime-types-2.1.35.tgz",
      "integrity": "sha512-ZDY+bPm5zTTF+YpCrAU9nK0UgICYPT0QtT1NZWFv4s++TNkcgVaT0g6+4R2uI4MjQjzysHB1zxuWL50hzaeXiw==",
      "license": "MIT",
      "dependencies": {
        "mime-db": "1.52.0"
      },
      "engines": {
        "node": ">= 0.6"
      }
    },
    "node_modules/ms": {
      "version": "2.1.2",
      "resolved": "https://registry.npmjs.org/ms/-/ms-2.1.2.tgz",
      "integrity": "sha512-sGkPx+VjMtmA6MX27oA4FBFELFCZZ4S4XqeGOXCv68tT+jb3vk/RyaKWP0PTKyWtmLSM0b+adUTEvbs1PEaH2w==",
      "license": "MIT"
    },
    "node_modules/proxy-from-env": {
      "version": "1.1.0",
      "resolved": "https://registry.npmjs.org/proxy-from-env/-/proxy-from-env-1.1.0.tgz",
      "integrity": "sha512-D+zkORCbA9f1tdWRK0RaCR3GPv50cMxcrz4X8k5LTSUD1Dkw47mKJEZQNunItRTkWwgtaUSo1RVFRIG9ZXiFYg==",
      "license": "MIT"
    },
    "node_modules/psl": {
      "version": "1.8.0",
      "resolved": "https://registry.npmjs.org/psl/-/psl-1.8.0.tgz",
      "integrity": "sha512-RIdOzyoavK+hA18OGGWDqUTsCLhtA7IcZ/6NCs4fFJaHBDab+pDDmDIByWFRQJq2Cd7r1OoQxBGKOaztq+hjIQ=="
    },
    "node_modules/punycode": {
      "version": "2.1.1",
      "resolved": "https://registry.npmjs.org/punycode/-/punycode-2.1.1.tgz",
      "integrity": "sha512-XRsRjdf+j5ml+y/6GKHPZbrF/8p2Yga0JPtdqTIY2Xe5ohJPD9saDJJLPvp9+NSBprVvevdXZybnj2cv8OEd0A==",
      "engines": {
        "node": ">=6"
      }
    },
    "node_modules/querystringify": {
      "version": "2.2.0",
      "resolved": "https://registry.npmjs.org/querystringify/-/querystringify-2.2.0.tgz",
      "integrity": "sha512-FIqgj2EUvTa7R50u0rGsyTftzjYmv/a3hO345bZNrqabNqjtgiDMgmo4mkUjd+nzU5oF3dClKqFIPUKybUyqoQ==",
      "license": "MIT"
    },
    "node_modules/requires-port": {
      "version": "1.0.0",
      "resolved": "https://registry.npmjs.org/requires-port/-/requires-port-1.0.0.tgz",
      "integrity": "sha512-KigOCHcocU3XODJxsu8i/j8T9tzT4adHiecwORRQ0ZZFcp7ahwXuRU1m+yuO90C5ZUyGeGfocHDI14M3L3yDAQ==",
      "license": "MIT"
    },
    "node_modules/totp-generator": {
      "version": "1.0.0",
      "resolved": "https://registry.npmjs.org/totp-generator/-/totp-generator-1.0.0.tgz",
      "integrity": "sha512-Iu/1Lk60/MH8FE+5cDWPiGbwKK1hxzSq+KT9oSqhZ1BEczGIKGcN50bP0WMLiIZKRg7t29iWLxw6f81TICQdoA==",
      "license": "MIT",
      "dependencies": {
        "jssha": "^3.3.1"
      }
    },
    "node_modules/tough-cookie": {
      "version": "4.1.4",
      "resolved": "https://registry.npmjs.org/tough-cookie/-/tough-cookie-4.1.4.tgz",
      "integrity": "sha512-Loo5UUvLD9ScZ6jh8beX1T6sO1w2/MpCRpEP7V280GKMVUQ0Jzar2U3UJPsrdbziLEMMhu3Ujnq//rhiFuIeag==",
      "license": "BSD-3-Clause",
      "dependencies": {
        "psl": "^1.1.33",
        "punycode": "^2.1.1",
        "universalify": "^0.2.0",
        "url-parse": "^1.5.3"
      },
      "engines": {
        "node": ">=6"
      }
    },
    "node_modules/typescript": {
      "version": "4.9.3",
      "resolved": "https://registry.npmjs.org/typescript/-/typescript-4.9.3.tgz",
      "integrity": "sha512-CIfGzTelbKNEnLpLdGFgdyKhG23CKdKgQPOBc+OUNrkJ2vr+KSzsSV5kq5iWhEQbok+quxgGzrAtGWCyU7tHnA==",
      "dev": true,
      "bin": {
        "tsc": "bin/tsc",
        "tsserver": "bin/tsserver"
      },
      "engines": {
        "node": ">=4.2.0"
      }
    },
    "node_modules/universalify": {
      "version": "0.2.0",
      "resolved": "https://registry.npmjs.org/universalify/-/universalify-0.2.0.tgz",
      "integrity": "sha512-CJ1QgKmNg3CwvAv/kOFmtnEN05f0D/cn9QntgNOQlQF9dgvVTHj3t+8JPdjqawCHk7V/KA+fbUqzZ9XWhcqPUg==",
      "license": "MIT",
      "engines": {
        "node": ">= 4.0.0"
      }
    },
    "node_modules/url-parse": {
      "version": "1.5.10",
      "resolved": "https://registry.npmjs.org/url-parse/-/url-parse-1.5.10.tgz",
      "integrity": "sha512-WypcfiRhfeUP9vvF0j6rw0J3hrWrw6iZv3+22h6iRMJ/8z1Tj6XfLP4DsUix5MhMPnXpiHDoKyoZ/bdCkwBCiQ==",
      "license": "MIT",
      "dependencies": {
        "querystringify": "^2.1.1",
        "requires-port": "^1.0.0"
      }
    }
  },
  "dependencies": {
    "@types/node": {
      "version": "12.20.19",
      "resolved": "https://registry.npmjs.org/@types/node/-/node-12.20.19.tgz",
      "integrity": "sha512-niAuZrwrjKck4+XhoCw6AAVQBENHftpXw9F4ryk66fTgYaKQ53R4FI7c9vUGGw5vQis1HKBHDR1gcYI/Bq1xvw==",
      "dev": true
    },
    "@types/tough-cookie": {
      "version": "4.0.1",
      "resolved": "https://registry.npmjs.org/@types/tough-cookie/-/tough-cookie-4.0.1.tgz",
      "integrity": "sha512-Y0K95ThC3esLEYD6ZuqNek29lNX2EM1qxV8y2FTLUB0ff5wWrk7az+mLrnNFUnaXcgKye22+sFBRXOgpPILZNg=="
    },
    "agent-base": {
      "version": "7.1.1",
      "resolved": "https://registry.npmjs.org/agent-base/-/agent-base-7.1.1.tgz",
      "integrity": "sha512-H0TSyFNDMomMNJQBn8wFV5YC/2eJ+VXECwOadZJT554xP6cODZHPX3H9QMQECxvrgiSOP1pHjy1sMWQVYJOUOA==",
      "requires": {
        "debug": "^4.3.4"
      }
    },
    "asynckit": {
      "version": "0.4.0",
      "resolved": "https://registry.npmjs.org/asynckit/-/asynckit-0.4.0.tgz",
      "integrity": "sha512-Oei9OH4tRh0YqU3GxhX79dM/mwVgvbZJaSNaRk+bshkj0S5cfHcgYakreBjrHwatXKbz+IoIdYLxrKim2MjW0Q=="
    },
    "axios": {
      "version": "1.7.2",
      "resolved": "https://registry.npmjs.org/axios/-/axios-1.7.2.tgz",
      "integrity": "sha512-2A8QhOMrbomlDuiLeK9XibIBzuHeRcqqNOHp0Cyp5EoJ1IFDh+XZH3A6BkXtv0K4gFGCI0Y4BM7B1wOEi0Rmgw==",
      "requires": {
        "follow-redirects": "^1.15.6",
        "form-data": "^4.0.0",
        "proxy-from-env": "^1.1.0"
      }
    },
    "axios-cookiejar-support": {
      "version": "5.0.2",
      "resolved": "https://registry.npmjs.org/axios-cookiejar-support/-/axios-cookiejar-support-5.0.2.tgz",
      "integrity": "sha512-4KwFqiH62Ry/J+ue1NwqLvBSaK3Bp/Owc9jTe7BS9c22uN8/4MB5pY7HV9QwQjV3ZRonCoSj5V8Pjx911qQqAw==",
      "requires": {
        "http-cookie-agent": "^6.0.5"
      }
    },
    "combined-stream": {
      "version": "1.0.8",
      "resolved": "https://registry.npmjs.org/combined-stream/-/combined-stream-1.0.8.tgz",
      "integrity": "sha512-FQN4MRfuJeHf7cBbBMJFXhKSDq+2kAArBlmRBvcvFE5BB1HZKXtSFASDhdlz9zOYwxh8lDdnvmMOe/+5cdoEdg==",
      "requires": {
        "delayed-stream": "~1.0.0"
      }
    },
    "debug": {
      "version": "4.3.6",
      "resolved": "https://registry.npmjs.org/debug/-/debug-4.3.6.tgz",
      "integrity": "sha512-O/09Bd4Z1fBrU4VzkhFqVgpPzaGbw6Sm9FEkBT1A/YBXQFGuuSxa1dN2nxgxS34JmKXqYx8CZAwEVoJFImUXIg==",
      "requires": {
        "ms": "2.1.2"
      }
    },
    "delayed-stream": {
      "version": "1.0.0",
      "resolved": "https://registry.npmjs.org/delayed-stream/-/delayed-stream-1.0.0.tgz",
      "integrity": "sha512-ZySD7Nf91aLB0RxL4KGrKHBXl7Eds1DAmEdcoVawXnLD7SDhpNgtuII2aAkg7a7QS41jxPSZ17p4VdGnMHk3MQ=="
    },
    "follow-redirects": {
      "version": "1.15.6",
      "resolved": "https://registry.npmjs.org/follow-redirects/-/follow-redirects-1.15.6.tgz",
      "integrity": "sha512-wWN62YITEaOpSK584EZXJafH1AGpO8RVgElfkuXbTOrPX4fIfOyEpW/CsiNd8JdYrAoOvafRTOEnvsO++qCqFA=="
    },
    "form-data": {
      "version": "4.0.0",
      "resolved": "https://registry.npmjs.org/form-data/-/form-data-4.0.0.tgz",
      "integrity": "sha512-ETEklSGi5t0QMZuiXoA/Q6vcnxcLQP5vdugSpuAyi6SVGi2clPPp+xgEhuMaHC+zGgn31Kd235W35f7Hykkaww==",
      "requires": {
        "asynckit": "^0.4.0",
        "combined-stream": "^1.0.8",
        "mime-types": "^2.1.12"
      }
    },
    "http-cookie-agent": {
      "version": "6.0.5",
      "resolved": "https://registry.npmjs.org/http-cookie-agent/-/http-cookie-agent-6.0.5.tgz",
      "integrity": "sha512-sfZ8fDgDP3B1YB+teqSnAK1aPgBu8reUUGxSsndP2XnYN6cM29EURXWXZqQQiaRdor3B4QjpkUNfv21syaO4DA==",
      "requires": {
        "agent-base": "^7.1.1"
      }
    },
    "jssha": {
      "version": "3.3.1",
      "resolved": "https://registry.npmjs.org/jssha/-/jssha-3.3.1.tgz",
      "integrity": "sha512-VCMZj12FCFMQYcFLPRm/0lOBbLi8uM2BhXPTqw3U4YAfs4AZfiApOoBLoN8cQE60Z50m1MYMTQVCfgF/KaCVhQ=="
    },
    "mime-db": {
      "version": "1.52.0",
      "resolved": "https://registry.npmjs.org/mime-db/-/mime-db-1.52.0.tgz",
      "integrity": "sha512-sPU4uV7dYlvtWJxwwxHD0PuihVNiE7TyAbQ5SWxDCB9mUYvOgroQOwYQQOKPJ8CIbE+1ETVlOoK1UC2nU3gYvg=="
    },
    "mime-types": {
      "version": "2.1.35",
      "resolved": "https://registry.npmjs.org/mime-types/-/mime-types-2.1.35.tgz",
      "integrity": "sha512-ZDY+bPm5zTTF+YpCrAU9nK0UgICYPT0QtT1NZWFv4s++TNkcgVaT0g6+4R2uI4MjQjzysHB1zxuWL50hzaeXiw==",
      "requires": {
        "mime-db": "1.52.0"
      }
    },
    "ms": {
      "version": "2.1.2",
      "resolved": "https://registry.npmjs.org/ms/-/ms-2.1.2.tgz",
      "integrity": "sha512-sGkPx+VjMtmA6MX27oA4FBFELFCZZ4S4XqeGOXCv68tT+jb3vk/RyaKWP0PTKyWtmLSM0b+adUTEvbs1PEaH2w=="
    },
    "proxy-from-env": {
      "version": "1.1.0",
      "resolved": "https://registry.npmjs.org/proxy-from-env/-/proxy-from-env-1.1.0.tgz",
      "integrity": "sha512-D+zkORCbA9f1tdWRK0RaCR3GPv50cMxcrz4X8k5LTSUD1Dkw47mKJEZQNunItRTkWwgtaUSo1RVFRIG9ZXiFYg=="
    },
    "psl": {
      "version": "1.8.0",
      "resolved": "https://registry.npmjs.org/psl/-/psl-1.8.0.tgz",
      "integrity": "sha512-RIdOzyoavK+hA18OGGWDqUTsCLhtA7IcZ/6NCs4fFJaHBDab+pDDmDIByWFRQJq2Cd7r1OoQxBGKOaztq+hjIQ=="
    },
    "punycode": {
      "version": "2.1.1",
      "resolved": "https://registry.npmjs.org/punycode/-/punycode-2.1.1.tgz",
      "integrity": "sha512-XRsRjdf+j5ml+y/6GKHPZbrF/8p2Yga0JPtdqTIY2Xe5ohJPD9saDJJLPvp9+NSBprVvevdXZybnj2cv8OEd0A=="
    },
    "querystringify": {
      "version": "2.2.0",
      "resolved": "https://registry.npmjs.org/querystringify/-/querystringify-2.2.0.tgz",
      "integrity": "sha512-FIqgj2EUvTa7R50u0rGsyTftzjYmv/a3hO345bZNrqabNqjtgiDMgmo4mkUjd+nzU5oF3dClKqFIPUKybUyqoQ=="
    },
    "requires-port": {
      "version": "1.0.0",
      "resolved": "https://registry.npmjs.org/requires-port/-/requires-port-1.0.0.tgz",
      "integrity": "sha512-KigOCHcocU3XODJxsu8i/j8T9tzT4adHiecwORRQ0ZZFcp7ahwXuRU1m+yuO90C5ZUyGeGfocHDI14M3L3yDAQ=="
    },
    "totp-generator": {
      "version": "1.0.0",
      "resolved": "https://registry.npmjs.org/totp-generator/-/totp-generator-1.0.0.tgz",
      "integrity": "sha512-Iu/1Lk60/MH8FE+5cDWPiGbwKK1hxzSq+KT9oSqhZ1BEczGIKGcN50bP0WMLiIZKRg7t29iWLxw6f81TICQdoA==",
      "requires": {
        "jssha": "^3.3.1"
      }
    },
    "tough-cookie": {
      "version": "4.1.4",
      "resolved": "https://registry.npmjs.org/tough-cookie/-/tough-cookie-4.1.4.tgz",
      "integrity": "sha512-Loo5UUvLD9ScZ6jh8beX1T6sO1w2/MpCRpEP7V280GKMVUQ0Jzar2U3UJPsrdbziLEMMhu3Ujnq//rhiFuIeag==",
      "requires": {
        "psl": "^1.1.33",
        "punycode": "^2.1.1",
        "universalify": "^0.2.0",
        "url-parse": "^1.5.3"
      }
    },
    "typescript": {
      "version": "4.9.3",
      "resolved": "https://registry.npmjs.org/typescript/-/typescript-4.9.3.tgz",
      "integrity": "sha512-CIfGzTelbKNEnLpLdGFgdyKhG23CKdKgQPOBc+OUNrkJ2vr+KSzsSV5kq5iWhEQbok+quxgGzrAtGWCyU7tHnA==",
      "dev": true
    },
    "universalify": {
      "version": "0.2.0",
      "resolved": "https://registry.npmjs.org/universalify/-/universalify-0.2.0.tgz",
      "integrity": "sha512-CJ1QgKmNg3CwvAv/kOFmtnEN05f0D/cn9QntgNOQlQF9dgvVTHj3t+8JPdjqawCHk7V/KA+fbUqzZ9XWhcqPUg=="
    },
    "url-parse": {
      "version": "1.5.10",
      "resolved": "https://registry.npmjs.org/url-parse/-/url-parse-1.5.10.tgz",
      "integrity": "sha512-WypcfiRhfeUP9vvF0j6rw0J3hrWrw6iZv3+22h6iRMJ/8z1Tj6XfLP4DsUix5MhMPnXpiHDoKyoZ/bdCkwBCiQ==",
      "requires": {
        "querystringify": "^2.1.1",
        "requires-port": "^1.0.0"
      }
    }
  }
}
